# This file is autogenerated, do not edit; changes may be undone by the next 'dep ensure'.


[[projects]]
  name = "github.com/jinzhu/gorm"
  packages = ["dialects/postgres"]
  revision = "58e34726dfc069b558038efbaa25555f182d1f7a"

[[projects]]
  branch = "master"
  name = "github.com/lib/pq"
  packages = [
    ".",
    "hstore",
    "oid"
  ]
  revision = "88edab0803230a3898347e77b474f8c1820a1f20"

[[projects]]
  name = "github.com/nleof/goyesql"
  packages = ["."]
  revision = "736fe14cafb0b195a659821fb90ecfa9226441b5"
  version = "v1.0.1"

[[projects]]
  name = "gopkg.in/yaml.v2"
  packages = ["."]
  revision = "7f97868eec74b32b0982dd158a51a446d1da7eb5"
  version = "v2.1.1"

[solve-meta]
  analyzer-name = "dep"
  analyzer-version = 1
  inputs-digest = "96932eb3c9d4e0fa2732a7cfa0eaa300c01e1e561e7cb9abe75826e18bc07c09"
  solver-name = "gps-cdcl"
  solver-version = 1
